// !$*UTF8*$!
{
	archiveVersion = 1;
	classes = {
	};
	objectVersion = 56;
	objects = {

/* Begin PBXBuildFile section */
		5F548AFB2B3474FF008D5D47 /* MustaeidApp.swift in Sources */ = {isa = PBXBuildFile; fileRef = 5F548AFA2B3474FF008D5D47 /* MustaeidApp.swift */; };
		5F548AFD2B3474FF008D5D47 /* ContentView.swift in Sources */ = {isa = PBXBuildFile; fileRef = 5F548AFC2B3474FF008D5D47 /* ContentView.swift */; };
		5F548AFF2B3474FF008D5D47 /* Item.swift in Sources */ = {isa = PBXBuildFile; fileRef = 5F548AFE2B3474FF008D5D47 /* Item.swift */; };
		5F548B012B347500008D5D47 /* Assets.xcassets in Resources */ = {isa = PBXBuildFile; fileRef = 5F548B002B347500008D5D47 /* Assets.xcassets */; };
		5F548B042B347500008D5D47 /* Preview Assets.xcassets in Resources */ = {isa = PBXBuildFile; fileRef = 5F548B032B347500008D5D47 /* Preview Assets.xcassets */; };
		5F548B0E2B347500008D5D47 /* MustaeidTests.swift in Sources */ = {isa = PBXBuildFile; fileRef = 5F548B0D2B347500008D5D47 /* MustaeidTests.swift */; };
		5F548B182B347500008D5D47 /* MustaeidUITests.swift in Sources */ = {isa = PBXBuildFile; fileRef = 5F548B172B347500008D5D47 /* MustaeidUITests.swift */; };
		5F548B1A2B347500008D5D47 /* MustaeidUITestsLaunchTests.swift in Sources */ = {isa = PBXBuildFile; fileRef = 5F548B192B347500008D5D47 /* MustaeidUITestsLaunchTests.swift */; };
		5F548B272B373599008D5D47 /* OverviewPage.swift in Sources */ = {isa = PBXBuildFile; fileRef = 5F548B262B373599008D5D47 /* OverviewPage.swift */; };
		5F548B2D2B382D85008D5D47 /* Demo.swift in Sources */ = {isa = PBXBuildFile; fileRef = 5F548B2C2B382D85008D5D47 /* Demo.swift */; };
/* End PBXBuildFile section */

/* Begin PBXContainerItemProxy section */
		5F548B0A2B347500008D5D47 /* PBXContainerItemProxy */ = {
			isa = PBXContainerItemProxy;
			containerPortal = 5F548AEF2B3474FF008D5D47 /* Project object */;
			proxyType = 1;
			remoteGlobalIDString = 5F548AF62B3474FF008D5D47;
			remoteInfo = Mustaeid;
		};
		5F548B142B347500008D5D47 /* PBXContainerItemProxy */ = {
			isa = PBXContainerItemProxy;
			containerPortal = 5F548AEF2B3474FF008D5D47 /* Project object */;
			proxyType = 1;
			remoteGlobalIDString = 5F548AF62B3474FF008D5D47;
			remoteInfo = Mustaeid;
		};
/* End PBXContainerItemProxy section */

/* Begin PBXFileReference section */
		5F548AF72B3474FF008D5D47 /* Mustaeid.app */ = {isa = PBXFileReference; explicitFileType = wrapper.application; includeInIndex = 0; path = Mustaeid.app; sourceTree = BUILT_PRODUCTS_DIR; };
		5F548AFA2B3474FF008D5D47 /* MustaeidApp.swift */ = {isa = PBXFileReference; lastKnownFileType = sourcecode.swift; path = MustaeidApp.swift; sourceTree = "<group>"; };
		5F548AFC2B3474FF008D5D47 /* ContentView.swift */ = {isa = PBXFileReference; lastKnownFileType = sourcecode.swift; path = ContentView.swift; sourceTree = "<group>"; };
		5F548AFE2B3474FF008D5D47 /* Item.swift */ = {isa = PBXFileReference; lastKnownFileType = sourcecode.swift; path = Item.swift; sourceTree = "<group>"; };
		5F548B002B347500008D5D47 /* Assets.xcassets */ = {isa = PBXFileReference; lastKnownFileType = folder.assetcatalog; path = Assets.xcassets; sourceTree = "<group>"; };
		5F548B032B347500008D5D47 /* Preview Assets.xcassets */ = {isa = PBXFileReference; lastKnownFileType = folder.assetcatalog; path = "Preview Assets.xcassets"; sourceTree = "<group>"; };
		5F548B092B347500008D5D47 /* MustaeidTests.xctest */ = {isa = PBXFileReference; explicitFileType = wrapper.cfbundle; includeInIndex = 0; path = MustaeidTests.xctest; sourceTree = BUILT_PRODUCTS_DIR; };
		5F548B0D2B347500008D5D47 /* MustaeidTests.swift */ = {isa = PBXFileReference; lastKnownFileType = sourcecode.swift; path = MustaeidTests.swift; sourceTree = "<group>"; };
		5F548B132B347500008D5D47 /* MustaeidUITests.xctest */ = {isa = PBXFileReference; explicitFileType = wrapper.cfbundle; includeInIndex = 0; path = MustaeidUITests.xctest; sourceTree = BUILT_PRODUCTS_DIR; };
		5F548B172B347500008D5D47 /* MustaeidUITests.swift */ = {isa = PBXFileReference; lastKnownFileType = sourcecode.swift; path = MustaeidUITests.swift; sourceTree = "<group>"; };
		5F548B192B347500008D5D47 /* MustaeidUITestsLaunchTests.swift */ = {isa = PBXFileReference; lastKnownFileType = sourcecode.swift; path = MustaeidUITestsLaunchTests.swift; sourceTree = "<group>"; };
		5F548B262B373599008D5D47 /* OverviewPage.swift */ = {isa = PBXFileReference; lastKnownFileType = sourcecode.swift; path = OverviewPage.swift; sourceTree = "<group>"; };
		5F548B2C2B382D85008D5D47 /* Demo.swift */ = {isa = PBXFileReference; lastKnownFileType = sourcecode.swift; path = Demo.swift; sourceTree = "<group>"; };
/* End PBXFileReference section */

/* Begin PBXFrameworksBuildPhase section */
		5F548AF42B3474FF008D5D47 /* Frameworks */ = {
			isa = PBXFrameworksBuildPhase;
			buildActionMask = 2147483647;
			files = (
			);
			runOnlyForDeploymentPostprocessing = 0;
		};
		5F548B062B347500008D5D47 /* Frameworks */ = {
			isa = PBXFrameworksBuildPhase;
			buildActionMask = 2147483647;
			files = (
			);
			runOnlyForDeploymentPostprocessing = 0;
		};
		5F548B102B347500008D5D47 /* Frameworks */ = {
			isa = PBXFrameworksBuildPhase;
			buildActionMask = 2147483647;
			files = (
			);
			runOnlyForDeploymentPostprocessing = 0;
		};
/* End PBXFrameworksBuildPhase section */

/* Begin PBXGroup section */
		5F548AEE2B3474FF008D5D47 = {
			isa = PBXGroup;
			children = (
				5F548AF92B3474FF008D5D47 /* Mustaeid */,
				5F548B0C2B347500008D5D47 /* MustaeidTests */,
				5F548B162B347500008D5D47 /* MustaeidUITests */,
				5F548AF82B3474FF008D5D47 /* Products */,
			);
			sourceTree = "<group>";
		};
		5F548AF82B3474FF008D5D47 /* Products */ = {
			isa = PBXGroup;
			children = (
				5F548AF72B3474FF008D5D47 /* Mustaeid.app */,
				5F548B092B347500008D5D47 /* MustaeidTests.xctest */,
				5F548B132B347500008D5D47 /* MustaeidUITests.xctest */,
			);
			name = Products;
			sourceTree = "<group>";
		};
		5F548AF92B3474FF008D5D47 /* Mustaeid */ = {
			isa = PBXGroup;
			children = (
				5F548AFA2B3474FF008D5D47 /* MustaeidApp.swift */,
				5F548AFC2B3474FF008D5D47 /* ContentView.swift */,
				5F548AFE2B3474FF008D5D47 /* Item.swift */,
				5F548B262B373599008D5D47 /* OverviewPage.swift */,
				5F548B2C2B382D85008D5D47 /* Demo.swift */,
				5F548B002B347500008D5D47 /* Assets.xcassets */,
				5F548B022B347500008D5D47 /* Preview Content */,
			);
			path = Mustaeid;
			sourceTree = "<group>";
		};
		5F548B022B347500008D5D47 /* Preview Content */ = {
			isa = PBXGroup;
			children = (
				5F548B032B347500008D5D47 /* Preview Assets.xcassets */,
			);
			path = "Preview Content";
			sourceTree = "<group>";
		};
		5F548B0C2B347500008D5D47 /* MustaeidTests */ = {
			isa = PBXGroup;
			children = (
				5F548B0D2B347500008D5D47 /* MustaeidTests.swift */,
			);
			path = MustaeidTests;
			sourceTree = "<group>";
		};
		5F548B162B347500008D5D47 /* MustaeidUITests */ = {
			isa = PBXGroup;
			children = (
				5F548B172B347500008D5D47 /* MustaeidUITests.swift */,
				5F548B192B347500008D5D47 /* MustaeidUITestsLaunchTests.swift */,
			);
			path = MustaeidUITests;
			sourceTree = "<group>";
		};
/* End PBXGroup section */

/* Begin PBXNativeTarget section */
		5F548AF62B3474FF008D5D47 /* Mustaeid */ = {
			isa = PBXNativeTarget;
			buildConfigurationList = 5F548B1D2B347500008D5D47 /* Build configuration list for PBXNativeTarget "Mustaeid" */;
			buildPhases = (
				5F548AF32B3474FF008D5D47 /* Sources */,
				5F548AF42B3474FF008D5D47 /* Frameworks */,
				5F548AF52B3474FF008D5D47 /* Resources */,
			);
			buildRules = (
			);
			dependencies = (
			);
			name = Mustaeid;
			productName = Mustaeid;
			productReference = 5F548AF72B3474FF008D5D47 /* Mustaeid.app */;
			productType = "com.apple.product-type.application";
		};
		5F548B082B347500008D5D47 /* MustaeidTests */ = {
			isa = PBXNativeTarget;
			buildConfigurationList = 5F548B202B347500008D5D47 /* Build configuration list for PBXNativeTarget "MustaeidTests" */;
			buildPhases = (
				5F548B052B347500008D5D47 /* Sources */,
				5F548B062B347500008D5D47 /* Frameworks */,
				5F548B072B347500008D5D47 /* Resources */,
			);
			buildRules = (
			);
			dependencies = (
				5F548B0B2B347500008D5D47 /* PBXTargetDependency */,
			);
			name = MustaeidTests;
			productName = MustaeidTests;
			productReference = 5F548B092B347500008D5D47 /* MustaeidTests.xctest */;
			productType = "com.apple.product-type.bundle.unit-test";
		};
		5F548B122B347500008D5D47 /* MustaeidUITests */ = {
			isa = PBXNativeTarget;
			buildConfigurationList = 5F548B232B347500008D5D47 /* Build configuration list for PBXNativeTarget "MustaeidUITests" */;
			buildPhases = (
				5F548B0F2B347500008D5D47 /* Sources */,
				5F548B102B347500008D5D47 /* Frameworks */,
				5F548B112B347500008D5D47 /* Resources */,
			);
			buildRules = (
			);
			dependencies = (
				5F548B152B347500008D5D47 /* PBXTargetDependency */,
			);
			name = MustaeidUITests;
			productName = MustaeidUITests;
			productReference = 5F548B132B347500008D5D47 /* MustaeidUITests.xctest */;
			productType = "com.apple.product-type.bundle.ui-testing";
		};
/* End PBXNativeTarget section */

/* Begin PBXProject section */
		5F548AEF2B3474FF008D5D47 /* Project object */ = {
			isa = PBXProject;
			attributes = {
				BuildIndependentTargetsInParallel = 1;
				LastSwiftUpdateCheck = 1500;
				LastUpgradeCheck = 1500;
				TargetAttributes = {
					5F548AF62B3474FF008D5D47 = {
						CreatedOnToolsVersion = 15.0.1;
					};
					5F548B082B347500008D5D47 = {
						CreatedOnToolsVersion = 15.0.1;
						TestTargetID = 5F548AF62B3474FF008D5D47;
					};
					5F548B122B347500008D5D47 = {
						CreatedOnToolsVersion = 15.0.1;
						TestTargetID = 5F548AF62B3474FF008D5D47;
					};
				};
			};
			buildConfigurationList = 5F548AF22B3474FF008D5D47 /* Build configuration list for PBXProject "Mustaeid" */;
			compatibilityVersion = "Xcode 14.0";
			developmentRegion = en;
			hasScannedForEncodings = 0;
			knownRegions = (
				en,
				Base,
			);
			mainGroup = 5F548AEE2B3474FF008D5D47;
			productRefGroup = 5F548AF82B3474FF008D5D47 /* Products */;
			projectDirPath = "";
			projectRoot = "";
			targets = (
				5F548AF62B3474FF008D5D47 /* Mustaeid */,
				5F548B082B347500008D5D47 /* MustaeidTests */,
				5F548B122B347500008D5D47 /* MustaeidUITests */,
			);
		};
/* End PBXProject section */

/* Begin PBXResourcesBuildPhase section */
		5F548AF52B3474FF008D5D47 /* Resources */ = {
			isa = PBXResourcesBuildPhase;
			buildActionMask = 2147483647;
			files = (
				5F548B042B347500008D5D47 /* Preview Assets.xcassets in Resources */,
				5F548B012B347500008D5D47 /* Assets.xcassets in Resources */,
			);
			runOnlyForDeploymentPostprocessing = 0;
		};
		5F548B072B347500008D5D47 /* Resources */ = {
			isa = PBXResourcesBuildPhase;
			buildActionMask = 2147483647;
			files = (
			);
			runOnlyForDeploymentPostprocessing = 0;
		};
		5F548B112B347500008D5D47 /* Resources */ = {
			isa = PBXResourcesBuildPhase;
			buildActionMask = 2147483647;
			files = (
			);
			runOnlyForDeploymentPostprocessing = 0;
		};
/* End PBXResourcesBuildPhase section */

/* Begin PBXSourcesBuildPhase section */
		5F548AF32B3474FF008D5D47 /* Sources */ = {
			isa = PBXSourcesBuildPhase;
			buildActionMask = 2147483647;
			files = (
				5F548AFD2B3474FF008D5D47 /* ContentView.swift in Sources */,
				5F548B2D2B382D85008D5D47 /* Demo.swift in Sources */,
				5F548B272B373599008D5D47 /* OverviewPage.swift in Sources */,
				5F548AFF2B3474FF008D5D47 /* Item.swift in Sources */,
				5F548AFB2B3474FF008D5D47 /* MustaeidApp.swift in Sources */,
			);
			runOnlyForDeploymentPostprocessing = 0;
		};
		5F548B052B347500008D5D47 /* Sources */ = {
			isa = PBXSourcesBuildPhase;
			buildActionMask = 2147483647;
			files = (
				5F548B0E2B347500008D5D47 /* MustaeidTests.swift in Sources */,
			);
			runOnlyForDeploymentPostprocessing = 0;
		};
		5F548B0F2B347500008D5D47 /* Sources */ = {
			isa = PBXSourcesBuildPhase;
			buildActionMask = 2147483647;
			files = (
				5F548B1A2B347500008D5D47 /* MustaeidUITestsLaunchTests.swift in Sources */,
				5F548B182B347500008D5D47 /* MustaeidUITests.swift in Sources */,
			);
			runOnlyForDeploymentPostprocessing = 0;
		};
/* End PBXSourcesBuildPhase section */

/* Begin PBXTargetDependency section */
		5F548B0B2B347500008D5D47 /* PBXTargetDependency */ = {
			isa = PBXTargetDependency;
			target = 5F548AF62B3474FF008D5D47 /* Mustaeid */;
			targetProxy = 5F548B0A2B347500008D5D47 /* PBXContainerItemProxy */;
		};
		5F548B152B347500008D5D47 /* PBXTargetDependency */ = {
			isa = PBXTargetDependency;
			target = 5F548AF62B3474FF008D5D47 /* Mustaeid */;
			targetProxy = 5F548B142B347500008D5D47 /* PBXContainerItemProxy */;
		};
/* End PBXTargetDependency section */

/* Begin XCBuildConfiguration section */
		5F548B1B2B347500008D5D47 /* Debug */ = {
			isa = XCBuildConfiguration;
			buildSettings = {
				ALWAYS_SEARCH_USER_PATHS = NO;
				ASSETCATALOG_COMPILER_GENERATE_SWIFT_ASSET_SYMBOL_EXTENSIONS = YES;
				CLANG_ANALYZER_NONNULL = YES;
				CLANG_ANALYZER_NUMBER_OBJECT_CONVERSION = YES_AGGRESSIVE;
				CLANG_CXX_LANGUAGE_STANDARD = "gnu++20";
				CLANG_ENABLE_MODULES = YES;
				CLANG_ENABLE_OBJC_ARC = YES;
				CLANG_ENABLE_OBJC_WEAK = YES;
				CLANG_WARN_BLOCK_CAPTURE_AUTORELEASING = YES;
				CLANG_WARN_BOOL_CONVERSION = YES;
				CLANG_WARN_COMMA = YES;
				CLANG_WARN_CONSTANT_CONVERSION = YES;
				CLANG_WARN_DEPRECATED_OBJC_IMPLEMENTATIONS = YES;
				CLANG_WARN_DIRECT_OBJC_ISA_USAGE = YES_ERROR;
				CLANG_WARN_DOCUMENTATION_COMMENTS = YES;
				CLANG_WARN_EMPTY_BODY = YES;
				CLANG_WARN_ENUM_CONVERSION = YES;
				CLANG_WARN_INFINITE_RECURSION = YES;
				CLANG_WARN_INT_CONVERSION = YES;
				CLANG_WARN_NON_LITERAL_NULL_CONVERSION = YES;
				CLANG_WARN_OBJC_IMPLICIT_RETAIN_SELF = YES;
				CLANG_WARN_OBJC_LITERAL_CONVERSION = YES;
				CLANG_WARN_OBJC_ROOT_CLASS = YES_ERROR;
				CLANG_WARN_QUOTED_INCLUDE_IN_FRAMEWORK_HEADER = YES;
				CLANG_WARN_RANGE_LOOP_ANALYSIS = YES;
				CLANG_WARN_STRICT_PROTOTYPES = YES;
				CLANG_WARN_SUSPICIOUS_MOVE = YES;
				CLANG_WARN_UNGUARDED_AVAILABILITY = YES_AGGRESSIVE;
				CLANG_WARN_UNREACHABLE_CODE = YES;
				CLANG_WARN__DUPLICATE_METHOD_MATCH = YES;
				COPY_PHASE_STRIP = NO;
				DEBUG_INFORMATION_FORMAT = dwarf;
				ENABLE_STRICT_OBJC_MSGSEND = YES;
				ENABLE_TESTABILITY = YES;
				ENABLE_USER_SCRIPT_SANDBOXING = YES;
				GCC_C_LANGUAGE_STANDARD = gnu17;
				GCC_DYNAMIC_NO_PIC = NO;
				GCC_NO_COMMON_BLOCKS = YES;
				GCC_OPTIMIZATION_LEVEL = 0;
				GCC_PREPROCESSOR_DEFINITIONS = (
					"DEBUG=1",
					"$(inherited)",
				);
				GCC_WARN_64_TO_32_BIT_CONVERSION = YES;
				GCC_WARN_ABOUT_RETURN_TYPE = YES_ERROR;
				GCC_WARN_UNDECLARED_SELECTOR = YES;
				GCC_WARN_UNINITIALIZED_AUTOS = YES_AGGRESSIVE;
				GCC_WARN_UNUSED_FUNCTION = YES;
				GCC_WARN_UNUSED_VARIABLE = YES;
				IPHONEOS_DEPLOYMENT_TARGET = 17.0;
				LOCALIZATION_PREFERS_STRING_CATALOGS = YES;
				MTL_ENABLE_DEBUG_INFO = INCLUDE_SOURCE;
				MTL_FAST_MATH = YES;
				ONLY_ACTIVE_ARCH = YES;
				SDKROOT = iphoneos;
				SWIFT_ACTIVE_COMPILATION_CONDITIONS = "DEBUG $(inherited)";
				SWIFT_OPTIMIZATION_LEVEL = "-Onone";
			};
			name = Debug;
		};
		5F548B1C2B347500008D5D47 /* Release */ = {
			isa = XCBuildConfiguration;
			buildSettings = {
				ALWAYS_SEARCH_USER_PATHS = NO;
				ASSETCATALOG_COMPILER_GENERATE_SWIFT_ASSET_SYMBOL_EXTENSIONS = YES;
				CLANG_ANALYZER_NONNULL = YES;
				CLANG_ANALYZER_NUMBER_OBJECT_CONVERSION = YES_AGGRESSIVE;
				CLANG_CXX_LANGUAGE_STANDARD = "gnu++20";
				CLANG_ENABLE_MODULES = YES;
				CLANG_ENABLE_OBJC_ARC = YES;
				CLANG_ENABLE_OBJC_WEAK = YES;
				CLANG_WARN_BLOCK_CAPTURE_AUTORELEASING = YES;
				CLANG_WARN_BOOL_CONVERSION = YES;
				CLANG_WARN_COMMA = YES;
				CLANG_WARN_CONSTANT_CONVERSION = YES;
				CLANG_WARN_DEPRECATED_OBJC_IMPLEMENTATIONS = YES;
				CLANG_WARN_DIRECT_OBJC_ISA_USAGE = YES_ERROR;
				CLANG_WARN_DOCUMENTATION_COMMENTS = YES;
				CLANG_WARN_EMPTY_BODY = YES;
				CLANG_WARN_ENUM_CONVERSION = YES;
				CLANG_WARN_INFINITE_RECURSION = YES;
				CLANG_WARN_INT_CONVERSION = YES;
				CLANG_WARN_NON_LITERAL_NULL_CONVERSION = YES;
				CLANG_WARN_OBJC_IMPLICIT_RETAIN_SELF = YES;
				CLANG_WARN_OBJC_LITERAL_CONVERSION = YES;
				CLANG_WARN_OBJC_ROOT_CLASS = YES_ERROR;
				CLANG_WARN_QUOTED_INCLUDE_IN_FRAMEWORK_HEADER = YES;
				CLANG_WARN_RANGE_LOOP_ANALYSIS = YES;
				CLANG_WARN_STRICT_PROTOTYPES = YES;
				CLANG_WARN_SUSPICIOUS_MOVE = YES;
				CLANG_WARN_UNGUARDED_AVAILABILITY = YES_AGGRESSIVE;
				CLANG_WARN_UNREACHABLE_CODE = YES;
				CLANG_WARN__DUPLICATE_METHOD_MATCH = YES;
				COPY_PHASE_STRIP = NO;
				DEBUG_INFORMATION_FORMAT = "dwarf-with-dsym";
				ENABLE_NS_ASSERTIONS = NO;
				ENABLE_STRICT_OBJC_MSGSEND = YES;
				ENABLE_USER_SCRIPT_SANDBOXING = YES;
				GCC_C_LANGUAGE_STANDARD = gnu17;
				GCC_NO_COMMON_BLOCKS = YES;
				GCC_WARN_64_TO_32_BIT_CONVERSION = YES;
				GCC_WARN_ABOUT_RETURN_TYPE = YES_ERROR;
				GCC_WARN_UNDECLARED_SELECTOR = YES;
				GCC_WARN_UNINITIALIZED_AUTOS = YES_AGGRESSIVE;
				GCC_WARN_UNUSED_FUNCTION = YES;
				GCC_WARN_UNUSED_VARIABLE = YES;
				IPHONEOS_DEPLOYMENT_TARGET = 17.0;
				LOCALIZATION_PREFERS_STRING_CATALOGS = YES;
				MTL_ENABLE_DEBUG_INFO = NO;
				MTL_FAST_MATH = YES;
				SDKROOT = iphoneos;
				SWIFT_COMPILATION_MODE = wholemodule;
				VALIDATE_PRODUCT = YES;
			};
			name = Release;
		};
		5F548B1E2B347500008D5D47 /* Debug */ = {
			isa = XCBuildConfiguration;
			buildSettings = {
				ASSETCATALOG_COMPILER_APPICON_NAME = AppIcon;
				ASSETCATALOG_COMPILER_GLOBAL_ACCENT_COLOR_NAME = AccentColor;
				CODE_SIGN_STYLE = Automatic;
				CURRENT_PROJECT_VERSION = 1;
				DEVELOPMENT_ASSET_PATHS = "\"Mustaeid/Preview Content\"";
				DEVELOPMENT_TEAM = J7U6D4Q249;
				ENABLE_PREVIEWS = YES;
				GENERATE_INFOPLIST_FILE = YES;
				INFOPLIST_KEY_UIApplicationSceneManifest_Generation = YES;
				INFOPLIST_KEY_UIApplicationSupportsIndirectInputEvents = YES;
				INFOPLIST_KEY_UILaunchScreen_Generation = YES;
				INFOPLIST_KEY_UISupportedInterfaceOrientations_iPad = "UIInterfaceOrientationPortrait UIInterfaceOrientationPortraitUpsideDown UIInterfaceOrientationLandscapeLeft UIInterfaceOrientationLandscapeRight";
				INFOPLIST_KEY_UISupportedInterfaceOrientations_iPhone = "UIInterfaceOrientationPortrait UIInterfaceOrientationLandscapeLeft UIInterfaceOrientationLandscapeRight";
				LD_RUNPATH_SEARCH_PATHS = (
					"$(inherited)",
					"@executable_path/Frameworks",
				);
				MARKETING_VERSION = 1.0;
				PRODUCT_BUNDLE_IDENTIFIER = Sara.Mustaeid;
				PRODUCT_NAME = "$(TARGET_NAME)";
				SWIFT_EMIT_LOC_STRINGS = YES;
				SWIFT_VERSION = 5.0;
				TARGETED_DEVICE_FAMILY = "1,2";
			};
			name = Debug;
		};
		5F548B1F2B347500008D5D47 /* Release */ = {
			isa = XCBuildConfiguration;
			buildSettings = {
				ASSETCATALOG_COMPILER_APPICON_NAME = AppIcon;
				ASSETCATALOG_COMPILER_GLOBAL_ACCENT_COLOR_NAME = AccentColor;
				CODE_SIGN_STYLE = Automatic;
				CURRENT_PROJECT_VERSION = 1;
				DEVELOPMENT_ASSET_PATHS = "\"Mustaeid/Preview Content\"";
				DEVELOPMENT_TEAM = J7U6D4Q249;
				ENABLE_PREVIEWS = YES;
				GENERATE_INFOPLIST_FILE = YES;
				INFOPLIST_KEY_UIApplicationSceneManifest_Generation = YES;
				INFOPLIST_KEY_UIApplicationSupportsIndirectInputEvents = YES;
				INFOPLIST_KEY_UILaunchScreen_Generation = YES;
				INFOPLIST_KEY_UISupportedInterfaceOrientations_iPad = "UIInterfaceOrientationPortrait UIInterfaceOrientationPortraitUpsideDown UIInterfaceOrientationLandscapeLeft UIInterfaceOrientationLandscapeRight";
				INFOPLIST_KEY_UISupportedInterfaceOrientations_iPhone = "UIInterfaceOrientationPortrait UIInterfaceOrientationLandscapeLeft UIInterfaceOrientationLandscapeRight";
				LD_RUNPATH_SEARCH_PATHS = (
					"$(inherited)",
					"@executable_path/Frameworks",
				);
				MARKETING_VERSION = 1.0;
				PRODUCT_BUNDLE_IDENTIFIER = Sara.Mustaeid;
				PRODUCT_NAME = "$(TARGET_NAME)";
				SWIFT_EMIT_LOC_STRINGS = YES;
				SWIFT_VERSION = 5.0;
				TARGETED_DEVICE_FAMILY = "1,2";
			};
			name = Release;
		};
		5F548B212B347500008D5D47 /* Debug */ = {
			isa = XCBuildConfiguration;
			buildSettings = {
				ALWAYS_EMBED_SWIFT_STANDARD_LIBRARIES = YES;
				BUNDLE_LOADER = "$(TEST_HOST)";
				CODE_SIGN_STYLE = Automatic;
				CURRENT_PROJECT_VERSION = 1;
				DEVELOPMENT_TEAM = J7U6D4Q249;
				GENERATE_INFOPLIST_FILE = YES;
				IPHONEOS_DEPLOYMENT_TARGET = 17.0;
				MARKETING_VERSION = 1.0;
				PRODUCT_BUNDLE_IDENTIFIER = Sara.MustaeidTests;
				PRODUCT_NAME = "$(TARGET_NAME)";
				SWIFT_EMIT_LOC_STRINGS = NO;
				SWIFT_VERSION = 5.0;
				TARGETED_DEVICE_FAMILY = "1,2";
				TEST_HOST = "$(BUILT_PRODUCTS_DIR)/Mustaeid.app/$(BUNDLE_EXECUTABLE_FOLDER_PATH)/Mustaeid";
			};
			name = Debug;
		};
		5F548B222B347500008D5D47 /* Release */ = {
			isa = XCBuildConfiguration;
			buildSettings = {
				ALWAYS_EMBED_SWIFT_STANDARD_LIBRARIES = YES;
				BUNDLE_LOADER = "$(TEST_HOST)";
				CODE_SIGN_STYLE = Automatic;
				CURRENT_PROJECT_VERSION = 1;
				DEVELOPMENT_TEAM = J7U6D4Q249;
				GENERATE_INFOPLIST_FILE = YES;
				IPHONEOS_DEPLOYMENT_TARGET = 17.0;
				MARKETING_VERSION = 1.0;
				PRODUCT_BUNDLE_IDENTIFIER = Sara.MustaeidTests;
				PRODUCT_NAME = "$(TARGET_NAME)";
				SWIFT_EMIT_LOC_STRINGS = NO;
				SWIFT_VERSION = 5.0;
				TARGETED_DEVICE_FAMILY = "1,2";
				TEST_HOST = "$(BUILT_PRODUCTS_DIR)/Mustaeid.app/$(BUNDLE_EXECUTABLE_FOLDER_PATH)/Mustaeid";
			};
			name = Release;
		};
		5F548B242B347500008D5D47 /* Debug */ = {
			isa = XCBuildConfiguration;
			buildSettings = {
				ALWAYS_EMBED_SWIFT_STANDARD_LIBRARIES = YES;
				CODE_SIGN_STYLE = Automatic;
				CURRENT_PROJECT_VERSION = 1;
				DEVELOPMENT_TEAM = J7U6D4Q249;
				GENERATE_INFOPLIST_FILE = YES;
				MARKETING_VERSION = 1.0;
				PRODUCT_BUNDLE_IDENTIFIER = Sara.MustaeidUITests;
				PRODUCT_NAME = "$(TARGET_NAME)";
				SWIFT_EMIT_LOC_STRINGS = NO;
				SWIFT_VERSION = 5.0;
				TARGETED_DEVICE_FAMILY = "1,2";
				TEST_TARGET_NAME = Mustaeid;
			};
			name = Debug;
		};
		5F548B252B347500008D5D47 /* Release */ = {
			isa = XCBuildConfiguration;
			buildSettings = {
				ALWAYS_EMBED_SWIFT_STANDARD_LIBRARIES = YES;
				CODE_SIGN_STYLE = Automatic;
				CURRENT_PROJECT_VERSION = 1;
				DEVELOPMENT_TEAM = J7U6D4Q249;
				GENERATE_INFOPLIST_FILE = YES;
				MARKETING_VERSION = 1.0;
				PRODUCT_BUNDLE_IDENTIFIER = Sara.MustaeidUITests;
				PRODUCT_NAME = "$(TARGET_NAME)";
				SWIFT_EMIT_LOC_STRINGS = NO;
				SWIFT_VERSION = 5.0;
				TARGETED_DEVICE_FAMILY = "1,2";
				TEST_TARGET_NAME = Mustaeid;
			};
			name = Release;
		};
/* End XCBuildConfiguration section */

/* Begin XCConfigurationList section */
		5F548AF22B3474FF008D5D47 /* Build configuration list for PBXProject "Mustaeid" */ = {
			isa = XCConfigurationList;
			buildConfigurations = (
				5F548B1B2B347500008D5D47 /* Debug */,
				5F548B1C2B347500008D5D47 /* Release */,
			);
			defaultConfigurationIsVisible = 0;
			defaultConfigurationName = Release;
		};
		5F548B1D2B347500008D5D47 /* Build configuration list for PBXNativeTarget "Mustaeid" */ = {
			isa = XCConfigurationList;
			buildConfigurations = (
				5F548B1E2B347500008D5D47 /* Debug */,
				5F548B1F2B347500008D5D47 /* Release */,
			);
			defaultConfigurationIsVisible = 0;
			defaultConfigurationName = Release;
		};
		5F548B202B347500008D5D47 /* Build configuration list for PBXNativeTarget "MustaeidTests" */ = {
			isa = XCConfigurationList;
			buildConfigurations = (
				5F548B212B347500008D5D47 /* Debug */,
				5F548B222B347500008D5D47 /* Release */,
			);
			defaultConfigurationIsVisible = 0;
			defaultConfigurationName = Release;
		};
		5F548B232B347500008D5D47 /* Build configuration list for PBXNativeTarget "MustaeidUITests" */ = {
			isa = XCConfigurationList;
			buildConfigurations = (
				5F548B242B347500008D5D47 /* Debug */,
				5F548B252B347500008D5D47 /* Release */,
			);
			defaultConfigurationIsVisible = 0;
			defaultConfigurationName = Release;
		};
/* End XCConfigurationList section */
	};
	rootObject = 5F548AEF2B3474FF008D5D47 /* Project object */;
}
